# THIS IS AN AUTOGENERATED FILE. DO NOT EDIT THIS FILE DIRECTLY.
# yarn lockfile v1


mastofeed@1.0.1:
  version "1.0.1"
  dependencies:
    cors "^2.8.5"
    ejs "^2.5.8"
    express "^4.16.4"
    feedparser "^2.2.9"
    morgan "^1.9.1"
    request "^2.88.0"
    request-promise-cache "^2.0.1"
    request-promise-native "^1.0.7"
    serve-static "^1.13.2"
    timeago.js "^3.0.2"

